Microsoft Visual Studio Solution File, Format Version 12.00
# Visual Studio Version 17
VisualStudioVersion = 17.5.2.0
MinimumVisualStudioVersion = 10.0.40219.1
Project("{FAE04EC0-301F-11D3-BF4B-00C04F79EFBC}") = "StoryUserApi", "StoryUserApi.csproj", "{E1D6FECA-1541-8EAF-A384-6A080FCFB1FF}"
EndProject
Global
	GlobalSection(SolutionConfigurationPlatforms) = preSolution
		Debug|Any CPU = Debug|Any CPU
		Release|Any CPU = Release|Any CPU
	EndGlobalSection
	GlobalSection(ProjectConfigurationPlatforms) = postSolution
		{E1D6FECA-1541-8EAF-A384-6A080FCFB1FF}.Debug|Any CPU.ActiveCfg = Debug|Any CPU
		{E1D6FECA-1541-8EAF-A384-6A080FCFB1FF}.Debug|Any CPU.Build.0 = Debug|Any CPU
		{E1D6FECA-1541-8EAF-A384-6A080FCFB1FF}.Release|Any CPU.ActiveCfg = Release|Any CPU
		{E1D6FECA-1541-8EAF-A384-6A080FCFB1FF}.Release|Any CPU.Build.0 = Release|Any CPU
	EndGlobalSection
	GlobalSection(SolutionProperties) = preSolution
		HideSolutionNode = FALSE
	EndGlobalSection
	GlobalSection(ExtensibilityGlobals) = postSolution
		SolutionGuid = {51B9DDA1-CF9E-4B88-A872-E080BAFA3104}
	EndGlobalSection
EndGlobal
